# This file is automatically @generated by Cargo.
# It is not intended for manual editing.
version = 3

[[package]]
name = "crossbeam-deque"
version = "0.8.8"
source = "registry+https://github.com/rust-lang/crates.io-index"
checksum = "622f3fc73690be383c7214310406f28a90e6edeadc3cea882f9d71e495b9711a"
dependencies = [
 "crossbeam-epoch",
 "crossbeam-utils",
]

[[package]]
name = "crossbeam-epoch"
version = "0.9.21"
source = "registry+https://github.com/rust-lang/crates.io-index"
checksum = "dc74980687109a3b14c72fd458107bf0baa1da1a1a805e178d15501ba9b86d9d"
dependencies = [
 "crossbeam-utils",
]

[[package]]
name = "crossbeam-utils"
version = "0.8.23"
source = "registry+https://github.com/rust-lang/crates.io-index"
checksum = "a31eee39dddec8330830986fcd7625edb5a24ec90ea038215273bbc3adb08ac6"

[[package]]
name = "either"
version = "1.18.0"
source = "registry+https://github.com/rust-lang/crates.io-index"
checksum = "252afb9ae5eaa683babdc6a068b3f5726eb19e05070c731f9b2a23a7c3e8ed34"

[[package]]
name = "hybit"
version = "0.6.0"
dependencies = [
 "hybit-auto",
 "hybit-core",
 "hybit-krylov",
 "hybit-matrix",
 "hybit-precond",
]

[[package]]
name = "hybit-auto"
version = "0.6.0"
dependencies = [
 "hybit-core",
 "hybit-krylov",
 "hybit-matrix",
 "hybit-precond",
]

[[package]]
name = "hybit-core"
version = "0.6.0"

[[package]]
name = "hybit-ffi"
version = "0.6.0"
dependencies = [
 "hybit-auto",
 "hybit-core",
 "hybit-matrix",
]

[[package]]
name = "hybit-krylov"
version = "0.6.0"
dependencies = [
 "hybit-core",
 "rayon",
 "rayon-core",
]

[[package]]
name = "hybit-matrix"
version = "0.6.0"
dependencies = [
 "hybit-core",
 "rayon",
 "rayon-core",
]

[[package]]
name = "hybit-precond"
version = "0.6.0"
dependencies = [
 "hybit-core",
 "hybit-matrix",
 "rayon",
 "rayon-core",
]

[[package]]
name = "rayon"
version = "1.10.0"
source = "registry+https://github.com/rust-lang/crates.io-index"
checksum = "b418a60154510ca1a002a752ca9714984e21e4241e804d32555251faf8b78ffa"
dependencies = [
 "either",
 "rayon-core",
]

[[package]]
name = "rayon-core"
version = "1.12.1"
source = "registry+https://github.com/rust-lang/crates.io-index"
checksum = "1465873a3dfdaa8ae7cb14b4383657caab0b3e8a0aa9ae8e04b044854c8dfce2"
dependencies = [
 "crossbeam-deque",
 "crossbeam-utils",
]
