# This file is automatically @generated by Cargo.
# It is not intended for manual editing.
version = 3

[[package]]
name = "hybit"
version = "0.5.0"
dependencies = [
 "hybit-auto",
 "hybit-core",
 "hybit-krylov",
 "hybit-matrix",
 "hybit-precond",
]

[[package]]
name = "hybit-auto"
version = "0.5.0"
dependencies = [
 "hybit-core",
 "hybit-krylov",
 "hybit-matrix",
 "hybit-precond",
]

[[package]]
name = "hybit-core"
version = "0.5.0"

[[package]]
name = "hybit-ffi"
version = "0.5.0"
dependencies = [
 "hybit-auto",
 "hybit-core",
 "hybit-matrix",
]

[[package]]
name = "hybit-krylov"
version = "0.5.0"
dependencies = [
 "hybit-core",
]

[[package]]
name = "hybit-matrix"
version = "0.5.0"
dependencies = [
 "hybit-core",
]

[[package]]
name = "hybit-precond"
version = "0.5.0"
dependencies = [
 "hybit-core",
 "hybit-matrix",
]
